
Microsoft Visual Studio Solution File, Format Version 12.00
# Visual Studio 2013
VisualStudioVersion = 12.0.30501.0
MinimumVisualStudioVersion = 10.0.40219.1
Project("{FAE04EC0-301F-11D3-BF4B-00C04F79EFBC}") = "XamarinSample", "XamarinSample\XamarinSample\XamarinSample.csproj", "{9B6F1CD4-3E4B-453D-8CC0-3BF69F7BD1F1}"
EndProject
Project("{FAE04EC0-301F-11D3-BF4B-00C04F79EFBC}") = "XamarinSample.Android", "XamarinSample\XamarinSample.Android\XamarinSample.Android.csproj", "{3E2C4DAE-4FF6-43C6-8141-666C2EA68469}"
EndProject
Global
	GlobalSection(SolutionConfigurationPlatforms) = preSolution
		Ad-Hoc|Any CPU = Ad-Hoc|Any CPU
		Ad-Hoc|ARM = Ad-Hoc|ARM
		Ad-Hoc|iPhone = Ad-Hoc|iPhone
		Ad-Hoc|iPhoneSimulator = Ad-Hoc|iPhoneSimulator
		Ad-Hoc|Mixed Platforms = Ad-Hoc|Mixed Platforms
		Ad-Hoc|x86 = Ad-Hoc|x86
		AppStore|Any CPU = AppStore|Any CPU
		AppStore|ARM = AppStore|ARM
		AppStore|iPhone = AppStore|iPhone
		AppStore|iPhoneSimulator = AppStore|iPhoneSimulator
		AppStore|Mixed Platforms = AppStore|Mixed Platforms
		AppStore|x86 = AppStore|x86
		Debug|Any CPU = Debug|Any CPU
		Debug|ARM = Debug|ARM
		Debug|iPhone = Debug|iPhone
		Debug|iPhoneSimulator = Debug|iPhoneSimulator
		Debug|Mixed Platforms = Debug|Mixed Platforms
		Debug|x86 = Debug|x86
		Release|Any CPU = Release|Any CPU
		Release|ARM = Release|ARM
		Release|iPhone = Release|iPhone
		Release|iPhoneSimulator = Release|iPhoneSimulator
		Release|Mixed Platforms = Release|Mixed Platforms
		Release|x86 = Release|x86
	EndGlobalSection
	GlobalSection(ProjectConfigurationPlatforms) = postSolution
		{9B6F1CD4-3E4B-453D-8CC0-3BF69F7BD1F1}.Ad-Hoc|Any CPU.ActiveCfg = Release|Any CPU
		{9B6F1CD4-3E4B-453D-8CC0-3BF69F7BD1F1}.Ad-Hoc|Any CPU.Build.0 = Release|Any CPU
		{9B6F1CD4-3E4B-453D-8CC0-3BF69F7BD1F1}.Ad-Hoc|ARM.ActiveCfg = Release|Any CPU
		{9B6F1CD4-3E4B-453D-8CC0-3BF69F7BD1F1}.Ad-Hoc|iPhone.ActiveCfg = Release|Any CPU
		{9B6F1CD4-3E4B-453D-8CC0-3BF69F7BD1F1}.Ad-Hoc|iPhoneSimulator.ActiveCfg = Release|Any CPU
		{9B6F1CD4-3E4B-453D-8CC0-3BF69F7BD1F1}.Ad-Hoc|Mixed Platforms.ActiveCfg = Release|Any CPU
		{9B6F1CD4-3E4B-453D-8CC0-3BF69F7BD1F1}.Ad-Hoc|Mixed Platforms.Build.0 = Release|Any CPU
		{9B6F1CD4-3E4B-453D-8CC0-3BF69F7BD1F1}.Ad-Hoc|x86.ActiveCfg = Release|Any CPU
		{9B6F1CD4-3E4B-453D-8CC0-3BF69F7BD1F1}.AppStore|Any CPU.ActiveCfg = Release|Any CPU
		{9B6F1CD4-3E4B-453D-8CC0-3BF69F7BD1F1}.AppStore|Any CPU.Build.0 = Release|Any CPU
		{9B6F1CD4-3E4B-453D-8CC0-3BF69F7BD1F1}.AppStore|ARM.ActiveCfg = Release|Any CPU
		{9B6F1CD4-3E4B-453D-8CC0-3BF69F7BD1F1}.AppStore|iPhone.ActiveCfg = Release|Any CPU
		{9B6F1CD4-3E4B-453D-8CC0-3BF69F7BD1F1}.AppStore|iPhoneSimulator.ActiveCfg = Release|Any CPU
		{9B6F1CD4-3E4B-453D-8CC0-3BF69F7BD1F1}.AppStore|Mixed Platforms.ActiveCfg = Release|Any CPU
		{9B6F1CD4-3E4B-453D-8CC0-3BF69F7BD1F1}.AppStore|Mixed Platforms.Build.0 = Release|Any CPU
		{9B6F1CD4-3E4B-453D-8CC0-3BF69F7BD1F1}.AppStore|x86.ActiveCfg = Release|Any CPU
		{9B6F1CD4-3E4B-453D-8CC0-3BF69F7BD1F1}.Debug|Any CPU.ActiveCfg = Debug|Any CPU
		{9B6F1CD4-3E4B-453D-8CC0-3BF69F7BD1F1}.Debug|Any CPU.Build.0 = Debug|Any CPU
		{9B6F1CD4-3E4B-453D-8CC0-3BF69F7BD1F1}.Debug|ARM.ActiveCfg = Debug|Any CPU
		{9B6F1CD4-3E4B-453D-8CC0-3BF69F7BD1F1}.Debug|iPhone.ActiveCfg = Debug|Any CPU
		{9B6F1CD4-3E4B-453D-8CC0-3BF69F7BD1F1}.Debug|iPhoneSimulator.ActiveCfg = Debug|Any CPU
		{9B6F1CD4-3E4B-453D-8CC0-3BF69F7BD1F1}.Debug|Mixed Platforms.ActiveCfg = Debug|Any CPU
		{9B6F1CD4-3E4B-453D-8CC0-3BF69F7BD1F1}.Debug|Mixed Platforms.Build.0 = Debug|Any CPU
		{9B6F1CD4-3E4B-453D-8CC0-3BF69F7BD1F1}.Debug|x86.ActiveCfg = Debug|Any CPU
		{9B6F1CD4-3E4B-453D-8CC0-3BF69F7BD1F1}.Release|Any CPU.ActiveCfg = Release|Any CPU
		{9B6F1CD4-3E4B-453D-8CC0-3BF69F7BD1F1}.Release|Any CPU.Build.0 = Release|Any CPU
		{9B6F1CD4-3E4B-453D-8CC0-3BF69F7BD1F1}.Release|ARM.ActiveCfg = Release|Any CPU
		{9B6F1CD4-3E4B-453D-8CC0-3BF69F7BD1F1}.Release|iPhone.ActiveCfg = Release|Any CPU
		{9B6F1CD4-3E4B-453D-8CC0-3BF69F7BD1F1}.Release|iPhoneSimulator.ActiveCfg = Release|Any CPU
		{9B6F1CD4-3E4B-453D-8CC0-3BF69F7BD1F1}.Release|Mixed Platforms.ActiveCfg = Release|Any CPU
		{9B6F1CD4-3E4B-453D-8CC0-3BF69F7BD1F1}.Release|Mixed Platforms.Build.0 = Release|Any CPU
		{9B6F1CD4-3E4B-453D-8CC0-3BF69F7BD1F1}.Release|x86.ActiveCfg = Release|Any CPU
		{3E2C4DAE-4FF6-43C6-8141-666C2EA68469}.Ad-Hoc|Any CPU.ActiveCfg = Release|Any CPU
		{3E2C4DAE-4FF6-43C6-8141-666C2EA68469}.Ad-Hoc|Any CPU.Build.0 = Release|Any CPU
		{3E2C4DAE-4FF6-43C6-8141-666C2EA68469}.Ad-Hoc|Any CPU.Deploy.0 = Release|Any CPU
		{3E2C4DAE-4FF6-43C6-8141-666C2EA68469}.Ad-Hoc|ARM.ActiveCfg = Release|Any CPU
		{3E2C4DAE-4FF6-43C6-8141-666C2EA68469}.Ad-Hoc|iPhone.ActiveCfg = Release|Any CPU
		{3E2C4DAE-4FF6-43C6-8141-666C2EA68469}.Ad-Hoc|iPhoneSimulator.ActiveCfg = Release|Any CPU
		{3E2C4DAE-4FF6-43C6-8141-666C2EA68469}.Ad-Hoc|Mixed Platforms.ActiveCfg = Release|Any CPU
		{3E2C4DAE-4FF6-43C6-8141-666C2EA68469}.Ad-Hoc|Mixed Platforms.Build.0 = Release|Any CPU
		{3E2C4DAE-4FF6-43C6-8141-666C2EA68469}.Ad-Hoc|Mixed Platforms.Deploy.0 = Release|Any CPU
		{3E2C4DAE-4FF6-43C6-8141-666C2EA68469}.Ad-Hoc|x86.ActiveCfg = Release|Any CPU
		{3E2C4DAE-4FF6-43C6-8141-666C2EA68469}.AppStore|Any CPU.ActiveCfg = Release|Any CPU
		{3E2C4DAE-4FF6-43C6-8141-666C2EA68469}.AppStore|Any CPU.Build.0 = Release|Any CPU
		{3E2C4DAE-4FF6-43C6-8141-666C2EA68469}.AppStore|Any CPU.Deploy.0 = Release|Any CPU
		{3E2C4DAE-4FF6-43C6-8141-666C2EA68469}.AppStore|ARM.ActiveCfg = Release|Any CPU
		{3E2C4DAE-4FF6-43C6-8141-666C2EA68469}.AppStore|iPhone.ActiveCfg = Release|Any CPU
		{3E2C4DAE-4FF6-43C6-8141-666C2EA68469}.AppStore|iPhoneSimulator.ActiveCfg = Release|Any CPU
		{3E2C4DAE-4FF6-43C6-8141-666C2EA68469}.AppStore|Mixed Platforms.ActiveCfg = Release|Any CPU
		{3E2C4DAE-4FF6-43C6-8141-666C2EA68469}.AppStore|Mixed Platforms.Build.0 = Release|Any CPU
		{3E2C4DAE-4FF6-43C6-8141-666C2EA68469}.AppStore|Mixed Platforms.Deploy.0 = Release|Any CPU
		{3E2C4DAE-4FF6-43C6-8141-666C2EA68469}.AppStore|x86.ActiveCfg = Release|Any CPU
		{3E2C4DAE-4FF6-43C6-8141-666C2EA68469}.Debug|Any CPU.ActiveCfg = Debug|Any CPU
		{3E2C4DAE-4FF6-43C6-8141-666C2EA68469}.Debug|Any CPU.Build.0 = Debug|Any CPU
		{3E2C4DAE-4FF6-43C6-8141-666C2EA68469}.Debug|Any CPU.Deploy.0 = Debug|Any CPU
		{3E2C4DAE-4FF6-43C6-8141-666C2EA68469}.Debug|ARM.ActiveCfg = Debug|Any CPU
		{3E2C4DAE-4FF6-43C6-8141-666C2EA68469}.Debug|iPhone.ActiveCfg = Debug|Any CPU
		{3E2C4DAE-4FF6-43C6-8141-666C2EA68469}.Debug|iPhoneSimulator.ActiveCfg = Debug|Any CPU
		{3E2C4DAE-4FF6-43C6-8141-666C2EA68469}.Debug|Mixed Platforms.ActiveCfg = Debug|Any CPU
		{3E2C4DAE-4FF6-43C6-8141-666C2EA68469}.Debug|Mixed Platforms.Build.0 = Debug|Any CPU
		{3E2C4DAE-4FF6-43C6-8141-666C2EA68469}.Debug|Mixed Platforms.Deploy.0 = Debug|Any CPU
		{3E2C4DAE-4FF6-43C6-8141-666C2EA68469}.Debug|x86.ActiveCfg = Debug|Any CPU
		{3E2C4DAE-4FF6-43C6-8141-666C2EA68469}.Release|Any CPU.ActiveCfg = Release|Any CPU
		{3E2C4DAE-4FF6-43C6-8141-666C2EA68469}.Release|Any CPU.Build.0 = Release|Any CPU
		{3E2C4DAE-4FF6-43C6-8141-666C2EA68469}.Release|Any CPU.Deploy.0 = Release|Any CPU
		{3E2C4DAE-4FF6-43C6-8141-666C2EA68469}.Release|ARM.ActiveCfg = Release|Any CPU
		{3E2C4DAE-4FF6-43C6-8141-666C2EA68469}.Release|iPhone.ActiveCfg = Release|Any CPU
		{3E2C4DAE-4FF6-43C6-8141-666C2EA68469}.Release|iPhoneSimulator.ActiveCfg = Release|Any CPU
		{3E2C4DAE-4FF6-43C6-8141-666C2EA68469}.Release|Mixed Platforms.ActiveCfg = Release|Any CPU
		{3E2C4DAE-4FF6-43C6-8141-666C2EA68469}.Release|Mixed Platforms.Build.0 = Release|Any CPU
		{3E2C4DAE-4FF6-43C6-8141-666C2EA68469}.Release|Mixed Platforms.Deploy.0 = Release|Any CPU
		{3E2C4DAE-4FF6-43C6-8141-666C2EA68469}.Release|x86.ActiveCfg = Release|Any CPU
	EndGlobalSection
	GlobalSection(SolutionProperties) = preSolution
		HideSolutionNode = FALSE
	EndGlobalSection
EndGlobal
